
Microsoft Visual Studio Solution File, Format Version 12.00
# Visual Studio 14
VisualStudioVersion = 14.0.25420.1
MinimumVisualStudioVersion = 10.0.40219.1
Project("{FAE04EC0-301F-11D3-BF4B-00C04F79EFBC}") = "ACFUN", "ACFUN\ACFUN.csproj", "{E049406C-9F89-4621-84F2-21499BC43602}"
EndProject
Project("{FAE04EC0-301F-11D3-BF4B-00C04F79EFBC}") = "BMS", "BMS\BMS.csproj", "{8CA6CF04-9AAC-4C46-85E7-23FE1A858580}"
EndProject
Project("{FAE04EC0-301F-11D3-BF4B-00C04F79EFBC}") = "Common", "Common\Common.csproj", "{4D0ED3DB-FA68-4F8E-9065-A08CF16D7561}"
EndProject
Project("{FAE04EC0-301F-11D3-BF4B-00C04F79EFBC}") = "Logger", "Logger\Logger.csproj", "{E7ED62D2-0AB1-4A35-A438-48DC6B6489B2}"
EndProject
Project("{FAE04EC0-301F-11D3-BF4B-00C04F79EFBC}") = "Sharp.ORM", "Sharp.ORM\Sharp.ORM.csproj", "{0909ED5B-AFA7-407E-A88A-3219B8684EEE}"
EndProject
Project("{2150E333-8FDC-42A3-9474-1A3956D46DE8}") = "引用", "引用", "{F1B1F6B4-ADB9-431B-A7D8-5A3AE45D39A6}"
EndProject
Project("{FAE04EC0-301F-11D3-BF4B-00C04F79EFBC}") = "API", "API\API.csproj", "{62C0884D-E9B4-42FC-9A7D-127637F513F4}"
EndProject
Project("{FAE04EC0-301F-11D3-BF4B-00C04F79EFBC}") = "Cache", "Cache\Cache.csproj", "{59677362-EB09-4D0E-A46F-794E5A4FD8B9}"
EndProject
Project("{FAE04EC0-301F-11D3-BF4B-00C04F79EFBC}") = "Core", "Core\Core.csproj", "{863E396E-933E-409B-9916-ED95E0A44657}"
EndProject
Project("{FAE04EC0-301F-11D3-BF4B-00C04F79EFBC}") = "ConsoleTest", "ConsoleTest\ConsoleTest.csproj", "{064D91C4-518C-420D-B671-7723647BDA2C}"
EndProject
Project("{FAE04EC0-301F-11D3-BF4B-00C04F79EFBC}") = "Model", "Model\Model.csproj", "{91894361-AE72-4518-A83B-D5B3AD7A4006}"
EndProject
Project("{2150E333-8FDC-42A3-9474-1A3956D46DE8}") = "Test", "Test", "{50E01F93-AF59-4B97-A46D-B3E33C306242}"
EndProject
Project("{FAE04EC0-301F-11D3-BF4B-00C04F79EFBC}") = "OracleData", "OracleData\OracleData.csproj", "{242C282E-FF6D-42B0-A646-D06858FED2B0}"
EndProject
Project("{FAE04EC0-301F-11D3-BF4B-00C04F79EFBC}") = "InterfaceContract", "InterfaceContract\InterfaceContract.csproj", "{4BE45228-79ED-4A85-B6FD-06FC0391B521}"
EndProject
Project("{FAE04EC0-301F-11D3-BF4B-00C04F79EFBC}") = "SqlData", "SqlData\SqlData.csproj", "{6C7A858D-E8A7-46CA-BF07-FA35AC31CA17}"
EndProject
Project("{FAE04EC0-301F-11D3-BF4B-00C04F79EFBC}") = "MySqlData", "MySqlData\MySqlData.csproj", "{11D98674-D1A9-4FFA-810E-2F4317A700AA}"
EndProject
Global
	GlobalSection(SolutionConfigurationPlatforms) = preSolution
		Debug|Any CPU = Debug|Any CPU
		Release|Any CPU = Release|Any CPU
	EndGlobalSection
	GlobalSection(ProjectConfigurationPlatforms) = postSolution
		{E049406C-9F89-4621-84F2-21499BC43602}.Debug|Any CPU.ActiveCfg = Debug|Any CPU
		{E049406C-9F89-4621-84F2-21499BC43602}.Debug|Any CPU.Build.0 = Debug|Any CPU
		{E049406C-9F89-4621-84F2-21499BC43602}.Release|Any CPU.ActiveCfg = Release|Any CPU
		{E049406C-9F89-4621-84F2-21499BC43602}.Release|Any CPU.Build.0 = Release|Any CPU
		{8CA6CF04-9AAC-4C46-85E7-23FE1A858580}.Debug|Any CPU.ActiveCfg = Debug|Any CPU
		{8CA6CF04-9AAC-4C46-85E7-23FE1A858580}.Debug|Any CPU.Build.0 = Debug|Any CPU
		{8CA6CF04-9AAC-4C46-85E7-23FE1A858580}.Release|Any CPU.ActiveCfg = Release|Any CPU
		{8CA6CF04-9AAC-4C46-85E7-23FE1A858580}.Release|Any CPU.Build.0 = Release|Any CPU
		{4D0ED3DB-FA68-4F8E-9065-A08CF16D7561}.Debug|Any CPU.ActiveCfg = Debug|Any CPU
		{4D0ED3DB-FA68-4F8E-9065-A08CF16D7561}.Debug|Any CPU.Build.0 = Debug|Any CPU
		{4D0ED3DB-FA68-4F8E-9065-A08CF16D7561}.Release|Any CPU.ActiveCfg = Release|Any CPU
		{4D0ED3DB-FA68-4F8E-9065-A08CF16D7561}.Release|Any CPU.Build.0 = Release|Any CPU
		{E7ED62D2-0AB1-4A35-A438-48DC6B6489B2}.Debug|Any CPU.ActiveCfg = Debug|Any CPU
		{E7ED62D2-0AB1-4A35-A438-48DC6B6489B2}.Debug|Any CPU.Build.0 = Debug|Any CPU
		{E7ED62D2-0AB1-4A35-A438-48DC6B6489B2}.Release|Any CPU.ActiveCfg = Release|Any CPU
		{E7ED62D2-0AB1-4A35-A438-48DC6B6489B2}.Release|Any CPU.Build.0 = Release|Any CPU
		{0909ED5B-AFA7-407E-A88A-3219B8684EEE}.Debug|Any CPU.ActiveCfg = Debug|Any CPU
		{0909ED5B-AFA7-407E-A88A-3219B8684EEE}.Debug|Any CPU.Build.0 = Debug|Any CPU
		{0909ED5B-AFA7-407E-A88A-3219B8684EEE}.Release|Any CPU.ActiveCfg = Release|Any CPU
		{0909ED5B-AFA7-407E-A88A-3219B8684EEE}.Release|Any CPU.Build.0 = Release|Any CPU
		{62C0884D-E9B4-42FC-9A7D-127637F513F4}.Debug|Any CPU.ActiveCfg = Debug|Any CPU
		{62C0884D-E9B4-42FC-9A7D-127637F513F4}.Debug|Any CPU.Build.0 = Debug|Any CPU
		{62C0884D-E9B4-42FC-9A7D-127637F513F4}.Release|Any CPU.ActiveCfg = Release|Any CPU
		{62C0884D-E9B4-42FC-9A7D-127637F513F4}.Release|Any CPU.Build.0 = Release|Any CPU
		{59677362-EB09-4D0E-A46F-794E5A4FD8B9}.Debug|Any CPU.ActiveCfg = Debug|Any CPU
		{59677362-EB09-4D0E-A46F-794E5A4FD8B9}.Debug|Any CPU.Build.0 = Debug|Any CPU
		{59677362-EB09-4D0E-A46F-794E5A4FD8B9}.Release|Any CPU.ActiveCfg = Release|Any CPU
		{59677362-EB09-4D0E-A46F-794E5A4FD8B9}.Release|Any CPU.Build.0 = Release|Any CPU
		{863E396E-933E-409B-9916-ED95E0A44657}.Debug|Any CPU.ActiveCfg = Debug|Any CPU
		{863E396E-933E-409B-9916-ED95E0A44657}.Debug|Any CPU.Build.0 = Debug|Any CPU
		{863E396E-933E-409B-9916-ED95E0A44657}.Release|Any CPU.ActiveCfg = Release|Any CPU
		{863E396E-933E-409B-9916-ED95E0A44657}.Release|Any CPU.Build.0 = Release|Any CPU
		{064D91C4-518C-420D-B671-7723647BDA2C}.Debug|Any CPU.ActiveCfg = Debug|Any CPU
		{064D91C4-518C-420D-B671-7723647BDA2C}.Debug|Any CPU.Build.0 = Debug|Any CPU
		{064D91C4-518C-420D-B671-7723647BDA2C}.Release|Any CPU.ActiveCfg = Release|Any CPU
		{064D91C4-518C-420D-B671-7723647BDA2C}.Release|Any CPU.Build.0 = Release|Any CPU
		{91894361-AE72-4518-A83B-D5B3AD7A4006}.Debug|Any CPU.ActiveCfg = Debug|Any CPU
		{91894361-AE72-4518-A83B-D5B3AD7A4006}.Debug|Any CPU.Build.0 = Debug|Any CPU
		{91894361-AE72-4518-A83B-D5B3AD7A4006}.Release|Any CPU.ActiveCfg = Release|Any CPU
		{91894361-AE72-4518-A83B-D5B3AD7A4006}.Release|Any CPU.Build.0 = Release|Any CPU
		{242C282E-FF6D-42B0-A646-D06858FED2B0}.Debug|Any CPU.ActiveCfg = Debug|Any CPU
		{242C282E-FF6D-42B0-A646-D06858FED2B0}.Debug|Any CPU.Build.0 = Debug|Any CPU
		{242C282E-FF6D-42B0-A646-D06858FED2B0}.Release|Any CPU.ActiveCfg = Release|Any CPU
		{242C282E-FF6D-42B0-A646-D06858FED2B0}.Release|Any CPU.Build.0 = Release|Any CPU
		{4BE45228-79ED-4A85-B6FD-06FC0391B521}.Debug|Any CPU.ActiveCfg = Debug|Any CPU
		{4BE45228-79ED-4A85-B6FD-06FC0391B521}.Debug|Any CPU.Build.0 = Debug|Any CPU
		{4BE45228-79ED-4A85-B6FD-06FC0391B521}.Release|Any CPU.ActiveCfg = Release|Any CPU
		{4BE45228-79ED-4A85-B6FD-06FC0391B521}.Release|Any CPU.Build.0 = Release|Any CPU
		{6C7A858D-E8A7-46CA-BF07-FA35AC31CA17}.Debug|Any CPU.ActiveCfg = Debug|Any CPU
		{6C7A858D-E8A7-46CA-BF07-FA35AC31CA17}.Debug|Any CPU.Build.0 = Debug|Any CPU
		{6C7A858D-E8A7-46CA-BF07-FA35AC31CA17}.Release|Any CPU.ActiveCfg = Release|Any CPU
		{6C7A858D-E8A7-46CA-BF07-FA35AC31CA17}.Release|Any CPU.Build.0 = Release|Any CPU
		{11D98674-D1A9-4FFA-810E-2F4317A700AA}.Debug|Any CPU.ActiveCfg = Debug|Any CPU
		{11D98674-D1A9-4FFA-810E-2F4317A700AA}.Debug|Any CPU.Build.0 = Debug|Any CPU
		{11D98674-D1A9-4FFA-810E-2F4317A700AA}.Release|Any CPU.ActiveCfg = Release|Any CPU
		{11D98674-D1A9-4FFA-810E-2F4317A700AA}.Release|Any CPU.Build.0 = Release|Any CPU
	EndGlobalSection
	GlobalSection(SolutionProperties) = preSolution
		HideSolutionNode = FALSE
	EndGlobalSection
	GlobalSection(NestedProjects) = preSolution
		{4D0ED3DB-FA68-4F8E-9065-A08CF16D7561} = {F1B1F6B4-ADB9-431B-A7D8-5A3AE45D39A6}
		{E7ED62D2-0AB1-4A35-A438-48DC6B6489B2} = {F1B1F6B4-ADB9-431B-A7D8-5A3AE45D39A6}
		{0909ED5B-AFA7-407E-A88A-3219B8684EEE} = {F1B1F6B4-ADB9-431B-A7D8-5A3AE45D39A6}
		{064D91C4-518C-420D-B671-7723647BDA2C} = {50E01F93-AF59-4B97-A46D-B3E33C306242}
		{242C282E-FF6D-42B0-A646-D06858FED2B0} = {50E01F93-AF59-4B97-A46D-B3E33C306242}
		{11D98674-D1A9-4FFA-810E-2F4317A700AA} = {50E01F93-AF59-4B97-A46D-B3E33C306242}
	EndGlobalSection
EndGlobal
